PODS:
  - Alamofire (2.0.2)
  - Ji (1.2.0):
    - Ji/Ji (= 1.2.0)
  - Ji/Ji (1.2.0):
    - Ji/Ji-libxml
  - Ji/Ji-libxml (1.2.0)
  - Kingfisher (1.8.2)
  - MBProgressHUD (0.9.1)
  - Neon (0.0.3)
  - R.swift (0.12.0)
  - RxCocoa (2.0.0-beta.3):
    - RxSwift (~> 2.0.0-beta)
  - RxSwift (2.0.0-beta.3)
  - SQLCipher (3.1.0):
    - SQLCipher/standard (= 3.1.0)
  - SQLCipher/common (3.1.0)
  - SQLCipher/standard (3.1.0):
    - SQLCipher/common
  - SQLite.swift (1.0.0)
  - SQLiteCipher.swift (1.0.0):
    - SQLCipher
  - SVPullToRefresh (0.4.1)
  - SwiftyUserDefaults (2.0.0)
  - UMengAnalytics (3.5.16)
  - ZXKit (0.1.0):
    - MBProgressHUD (~> 0.9.1)
    - Neon (~> 0.0.3)
    - RxCocoa (~> 2.0.0-beta.2)
    - RxSwift (~> 2.0.0-beta.2)

DEPENDENCIES:
  - Alamofire (~> 2.0.0)
  - Ji (~> 1.2.0)
  - Kingfisher (~> 1.8.2)
  - MBProgressHUD (~> 0.9.1)
  - Neon (~> 0.0.2)
  - R.swift (~> 0.12.0)
  - RxCocoa (~> 2.0.0-beta.2)
  - RxSwift (~> 2.0.0-beta.2)
  - SQLite.swift (from `https://github.com/stephencelis/SQLite.swift.git`)
  - SQLiteCipher.swift (from `https://github.com/stephencelis/SQLite.swift.git`)
  - SVPullToRefresh (= 0.4.1)
  - SwiftyUserDefaults (~> 2.0.0)
  - UMengAnalytics (~> 3.5.10)
  - ZXKit (from `https://github.com/zixun/ZXKit.git`)

EXTERNAL SOURCES:
  SQLite.swift:
    :git: https://github.com/stephencelis/SQLite.swift.git
  SQLiteCipher.swift:
    :git: https://github.com/stephencelis/SQLite.swift.git
  ZXKit:
    :git: https://github.com/zixun/ZXKit.git

CHECKOUT OPTIONS:
  SQLite.swift:
    :commit: da2d43422a72ae0e91356fccfde1959d43b97385
    :git: https://github.com/stephencelis/SQLite.swift.git
  SQLiteCipher.swift:
    :commit: da2d43422a72ae0e91356fccfde1959d43b97385
    :git: https://github.com/stephencelis/SQLite.swift.git
  ZXKit:
    :commit: be2a6815225feec445e6072994303980c520e641
    :git: https://github.com/zixun/ZXKit.git

SPEC CHECKSUMS:
  Alamofire: 8edbab00802a752bb5240cc2abe70e7e881488ad
  Ji: ddebb22f9ac445db6e884b66f78ea74fb135fdb7
  Kingfisher: b39315e9dbed7e8ffe73a9ca1be2ee006d1d57e4
  MBProgressHUD: c47f2c166c126cf2ce36498d80f33e754d4e93ad
  Neon: 589d3d217d326abe09726bf81add106cff685bf2
  R.swift: 8d8a9f0cb36462d0dff82b70cc2c0396add668fe
  RxCocoa: 1472006304b296d03c847f78b21384523cc4902e
  RxSwift: 19fbe885b404d1d36d42ac8535134739a9b42952
  SQLCipher: c44fcca49c31483c2489cfb79aa7a69407f3794a
  SQLite.swift: 3bb75f5a650f08673276bc6d3fb1de1b542b8f4d
  SQLiteCipher.swift: 6405d3937f6afc94614949336fd1fdefa37428b5
  SVPullToRefresh: ba2e718695a43253d8bea6852d2960097dc15d8c
  SwiftyUserDefaults: 1266e9734c68bcfbac8294ee84173dc8ba6db312
  UMengAnalytics: fdf0c0a8c07d8bffc012ffa3c68e5d490af42098
  ZXKit: 0b8e90155463b7a2946f78310c160fea5542848e

COCOAPODS: 0.39.0
