PODS:
  - Alamofire (4.3.0)
  - ANREye (1.0.0)
  - AppBaseKit (0.1.0)
  - AppSwizzle (1.0.0)
  - ASLEye (1.0.0)
  - AssistiveButton (1.0.0)
  - CrashEye (1.0.0)
  - FileBrowser (0.2.0)
  - GodEye (1.0.0):
    - ANREye (~> 1.0.0)
    - AppBaseKit
    - AppSwizzle (~> 1.0.0)
    - ASLEye (~> 1.0.0)
    - AssistiveButton (~> 1.0.0)
    - CrashEye (~> 1.0.0)
    - FileBrowser (~> 0.2.0)
    - LeakEye (~> 1.0.0)
    - Log4G (~> 0.1.1)
    - MJRefresh (~> 3.1.12)
    - NetworkEye.swift (~> 1.0.0)
    - SQLite.swift (~> 0.11.1)
    - SwViewCapture (~> 1.0.5)
    - SystemEye (~> 0.1.0)
  - Ji (2.0.1):
    - Ji/Ji (= 2.0.1)
  - Ji/Ji (2.0.1):
    - Ji/Ji-libxml
  - Ji/Ji-libxml (2.0.1)
  - Kingfisher (3.2.4)
  - LeakEye (1.0.0):
    - AppSwizzle (~> 1.0.0)
  - Log4G (0.1.2)
  - MBProgressHUD (1.0.0)
  - MJRefresh (3.1.12)
  - Neon (0.4.0)
  - NetworkEye.swift (1.0.0):
    - AppSwizzle (~> 1.0.0)
  - R.swift (3.2.0):
    - R.swift.Library (~> 3.0.2)
  - R.swift.Library (3.0.2)
  - RxCocoa (3.1.0):
    - RxSwift (~> 3.1)
  - RxSwift (3.1.0)
  - SQLite.swift (0.11.2):
    - SQLite.swift/standard (= 0.11.2)
  - SQLite.swift/standard (0.11.2)
  - SVPullToRefresh (0.4.1)
  - SwiftyUserDefaults (3.0.0)
  - SwViewCapture (1.0.5)
  - SystemEye (0.1.0)
  - UMengAnalytics (3.5.16)
  - UMengUShare (6.2.2):
    - UMengUShare/Core (= 6.2.2)
    - UMengUShare/Network (= 6.2.2)
    - UMengUShare/Plugin (= 6.2.2)
    - UMengUShare/Social (= 6.2.2)
    - UMengUShare/UI (= 6.2.2)
  - UMengUShare/Core (6.2.2):
    - UMengUShare/Network
  - UMengUShare/Network (6.2.2)
  - UMengUShare/Plugin (6.2.2):
    - UMengUShare/Core
    - UMengUShare/Plugin/IDFA (= 6.2.2)
  - UMengUShare/Plugin/IDFA (6.2.2):
    - UMengUShare/Core
  - UMengUShare/Social (6.2.2):
    - UMengUShare/Core
    - UMengUShare/Social/AlipayShare (= 6.2.2)
    - UMengUShare/Social/DingDing (= 6.2.2)
    - UMengUShare/Social/Douban (= 6.2.2)
    - UMengUShare/Social/DropBox (= 6.2.2)
    - UMengUShare/Social/Email (= 6.2.2)
    - UMengUShare/Social/EverNote (= 6.2.2)
    - UMengUShare/Social/Facebook (= 6.2.2)
    - UMengUShare/Social/Flickr (= 6.2.2)
    - UMengUShare/Social/GooglePlus (= 6.2.2)
    - UMengUShare/Social/Instagram (= 6.2.2)
    - UMengUShare/Social/Kakao (= 6.2.2)
    - UMengUShare/Social/LaiWang (= 6.2.2)
    - UMengUShare/Social/Line (= 6.2.2)
    - UMengUShare/Social/Linkedin (= 6.2.2)
    - UMengUShare/Social/Pinterest (= 6.2.2)
    - UMengUShare/Social/Pocket (= 6.2.2)
    - UMengUShare/Social/QQ (= 6.2.2)
    - UMengUShare/Social/Renren (= 6.2.2)
    - UMengUShare/Social/Sina (= 6.2.2)
    - UMengUShare/Social/SMS (= 6.2.2)
    - UMengUShare/Social/TencentWeibo (= 6.2.2)
    - UMengUShare/Social/Tumblr (= 6.2.2)
    - UMengUShare/Social/Twitter (= 6.2.2)
    - UMengUShare/Social/VKontakte (= 6.2.2)
    - UMengUShare/Social/WeChat (= 6.2.2)
    - UMengUShare/Social/WhatsApp (= 6.2.2)
    - UMengUShare/Social/YiXin (= 6.2.2)
    - UMengUShare/Social/YouDao (= 6.2.2)
  - UMengUShare/Social/AlipayShare (6.2.2):
    - UMengUShare/Core
  - UMengUShare/Social/DingDing (6.2.2):
    - UMengUShare/Core
  - UMengUShare/Social/Douban (6.2.2):
    - UMengUShare/Core
  - UMengUShare/Social/DropBox (6.2.2):
    - UMengUShare/Core
  - UMengUShare/Social/Email (6.2.2):
    - UMengUShare/Core
  - UMengUShare/Social/EverNote (6.2.2):
    - UMengUShare/Core
  - UMengUShare/Social/Facebook (6.2.2):
    - UMengUShare/Core
  - UMengUShare/Social/Flickr (6.2.2):
    - UMengUShare/Core
  - UMengUShare/Social/GooglePlus (6.2.2):
    - UMengUShare/Core
  - UMengUShare/Social/Instagram (6.2.2):
    - UMengUShare/Core
  - UMengUShare/Social/Kakao (6.2.2):
    - UMengUShare/Core
  - UMengUShare/Social/LaiWang (6.2.2):
    - UMengUShare/Core
  - UMengUShare/Social/Line (6.2.2):
    - UMengUShare/Core
  - UMengUShare/Social/Linkedin (6.2.2):
    - UMengUShare/Core
  - UMengUShare/Social/Pinterest (6.2.2):
    - UMengUShare/Core
  - UMengUShare/Social/Pocket (6.2.2):
    - UMengUShare/Core
  - UMengUShare/Social/QQ (6.2.2):
    - UMengUShare/Core
  - UMengUShare/Social/Renren (6.2.2):
    - UMengUShare/Core
  - UMengUShare/Social/Sina (6.2.2):
    - UMengUShare/Core
  - UMengUShare/Social/SMS (6.2.2):
    - UMengUShare/Core
  - UMengUShare/Social/TencentWeibo (6.2.2):
    - UMengUShare/Core
  - UMengUShare/Social/Tumblr (6.2.2):
    - UMengUShare/Core
  - UMengUShare/Social/Twitter (6.2.2):
    - UMengUShare/Core
  - UMengUShare/Social/VKontakte (6.2.2):
    - UMengUShare/Core
  - UMengUShare/Social/WeChat (6.2.2):
    - UMengUShare/Core
  - UMengUShare/Social/WhatsApp (6.2.2):
    - UMengUShare/Core
  - UMengUShare/Social/YiXin (6.2.2):
    - UMengUShare/Core
  - UMengUShare/Social/YouDao (6.2.2):
    - UMengUShare/Core
  - UMengUShare/UI (6.2.2):
    - UMengUShare/Core

DEPENDENCIES:
  - Alamofire (~> 4.3.0)
  - AppBaseKit (~> 0.1.0)
  - GodEye (~> 1.0.0)
  - Ji (~> 2.0.1)
  - Kingfisher (~> 3.2.4)
  - Log4G
  - MBProgressHUD (~> 1.0.0)
  - Neon (~> 0.4.0)
  - R.swift (~> 3.2.0)
  - RxCocoa (~> 3.1.0)
  - RxSwift (~> 3.1.0)
  - SQLite.swift (~> 0.11.2)
  - SVPullToRefresh (= 0.4.1)
  - SwiftyUserDefaults (~> 3.0.0)
  - SwViewCapture (~> 1.0.5)
  - UMengAnalytics (~> 3.5.10)
  - UMengUShare (~> 6.2.2)

SPEC CHECKSUMS:
  Alamofire: 856a113053a7bc9cbe5d6367a555d773fc5cfef7
  ANREye: a3c65dfdcf027f70cf2967ee2bca8c92c01464ef
  AppBaseKit: 5bc9211a560e7bd3afb48ed5b2cc303fc2e4073c
  AppSwizzle: 0ba5dc3d884a5315a89ac4ab08c7f8e1c85c795c
  ASLEye: 486cae91913d54266201b6392ea00df33b316f07
  AssistiveButton: 562aae28b8875b107ea468ccce1b932ff50ac866
  CrashEye: 3f77dda6fbbc61feadf9d27aa0d8d73a05e29028
  FileBrowser: af8abc035daca66a6066351ae162c4af4c6b24dd
  GodEye: 2b5668f564afe7c0125a64cfc729ead04c031da1
  Ji: 6bb602a28dd08b804158f64990e6051ed5de0110
  Kingfisher: 8d80f39da403cd9c9ee11984e1655f4d6a566cdb
  LeakEye: 0797226c1415d2c69fdb4085866f47d7b5aeeac3
  Log4G: 28bc441d103633ea02962dd6ffa238388304e2fb
  MBProgressHUD: 4890f671c94e8a0f3cf959aa731e9de2f036d71a
  MJRefresh: b96cdb21c4aa75a7b07654311ab2f315c497e806
  Neon: 7fb5a9327e7e57911843f608e08f4893a74deaf9
  NetworkEye.swift: cec9c0e73ebda143679751e047bce14ad96cccbc
  R.swift: 207a372a2b5977caef440c696a368009460641d1
  R.swift.Library: fbdec16c9802ad104fc1ba53415dc190e6ec5c73
  RxCocoa: 50d7564866da9299161e86a263ce12a0873904d8
  RxSwift: 83ff553e7593fdfdcb2562933a64c0284dffdadc
  SQLite.swift: 670c3e9e0a806bbfd56a3de5d530768dc0e6fe7c
  SVPullToRefresh: ba2e718695a43253d8bea6852d2960097dc15d8c
  SwiftyUserDefaults: 0f1d45fc3aafb9064dac661e367f8f83fe21a4b4
  SwViewCapture: 7ddb627ffbc70b21d92690bf25a84e545c38083e
  SystemEye: efee11d6f355d91daddb2cb69fb844f1038df956
  UMengAnalytics: fdf0c0a8c07d8bffc012ffa3c68e5d490af42098
  UMengUShare: fc0a98b8d5297632e82874318fd72a10d17da228

PODFILE CHECKSUM: eef9b7615f42ee7d21221bb21a7c0f9dccf214a3

COCOAPODS: 1.2.0
