PODS:
  - Alamofire (2.0.2)
  - Ji (1.2.0):
    - Ji/Ji (= 1.2.0)
  - Ji/Ji (1.2.0):
    - Ji/Ji-libxml
  - Ji/Ji-libxml (1.2.0)
  - Kingfisher (1.8.5)
  - MBProgressHUD (0.9.2)
  - Neon (0.0.3)
  - R.swift (0.12.0)
  - RxCocoa (2.0.0):
    - RxSwift (~> 2.0)
  - RxSwift (2.0.0)
  - SQLite.swift (0.9.1)
  - SVPullToRefresh (0.4.1)
  - SwiftyUserDefaults (2.0.0)
  - UMengAnalytics (3.5.16)
  - ZXKit (0.1.0):
    - MBProgressHUD (~> 0.9.1)
    - Neon (~> 0.0.3)
    - RxCocoa (~> 2.0.0)
    - RxSwift (~> 2.0.0)

DEPENDENCIES:
  - Alamofire (~> 2.0.0)
  - Ji (~> 1.2.0)
  - Kingfisher (~> 1.8.2)
  - MBProgressHUD (~> 0.9.1)
  - Neon (~> 0.0.3)
  - R.swift (~> 0.12.0)
  - RxCocoa (~> 2.0.0)
  - RxSwift (~> 2.0.0)
  - SQLite.swift (~> 0.9.1)
  - SVPullToRefresh (= 0.4.1)
  - SwiftyUserDefaults (~> 2.0.0)
  - UMengAnalytics (~> 3.5.10)
  - ZXKit (from `https://github.com/zixun/ZXKit.git`)

EXTERNAL SOURCES:
  ZXKit:
    :git: https://github.com/zixun/ZXKit.git

CHECKOUT OPTIONS:
  ZXKit:
    :commit: 10ab25e2e5ec45b728384df8a0def2b612da4176
    :git: https://github.com/zixun/ZXKit.git

SPEC CHECKSUMS:
  Alamofire: 8edbab00802a752bb5240cc2abe70e7e881488ad
  Ji: ddebb22f9ac445db6e884b66f78ea74fb135fdb7
  Kingfisher: 780fed0fa82692a3bd59d53329ae2b85cdd354a5
  MBProgressHUD: 1569cf7ace17a8bac47aabfbb8580a49690386d1
  Neon: 589d3d217d326abe09726bf81add106cff685bf2
  R.swift: 8d8a9f0cb36462d0dff82b70cc2c0396add668fe
  RxCocoa: b0ebd70b4f7450bdb3c8987b122f8fd568dc1e2f
  RxSwift: d83246efa6f16c50c143bec134649d045498f601
  SQLite.swift: b9574f52c058b680e10e70b72e487312e0e4d26f
  SVPullToRefresh: ba2e718695a43253d8bea6852d2960097dc15d8c
  SwiftyUserDefaults: 1266e9734c68bcfbac8294ee84173dc8ba6db312
  UMengAnalytics: fdf0c0a8c07d8bffc012ffa3c68e5d490af42098
  ZXKit: c2ab6e4961361d9736689e9b9beea888c3e4761c

COCOAPODS: 0.39.0
